{
    "_readme": [
        "This file locks the dependencies of your project to a known state",
        "Read more about it at https://getcomposer.org/doc/01-basic-usage.md#composer-lock-the-lock-file",
        "This file is @generated automatically"
    ],
    "content-hash": "6112c5d10b81479f826b66381fb83514",
    "packages": [
        {
            "name": "jolicode/jolinotif",
            "version": "v1.0",
            "source": {
                "type": "git",
                "url": "https://github.com/jolicode/JoliNotif.git",
                "reference": "a812db822343fe5788cbed75c61ddc7a0eedeb69"
            },
            "dist": {
                "type": "zip",
                "url": "https://api.github.com/repos/jolicode/JoliNotif/zipball/a812db822343fe5788cbed75c61ddc7a0eedeb69",
                "reference": "a812db822343fe5788cbed75c61ddc7a0eedeb69",
                "shasum": ""
            },
            "require": {
                "php": ">=5.4.0",
                "symfony/process": "~2.6"
            },
            "require-dev": {
                "fabpot/php-cs-fixer": "~1.5",
                "phpunit/phpunit": "~4.5"
            },
            "type": "library",
            "extra": {
                "branch-alias": {
                    "dev-master": "1.0.x-dev"
                }
            },
            "autoload": {
                "psr-4": {
                    "Joli\\JoliNotif\\": "src/"
                }
            },
            "notification-url": "https://packagist.org/downloads/",
            "license": [
                "MIT"
            ],
            "authors": [
                {
                    "name": "Loïck Piera",
                    "email": "pyrech@gmail.com"
                }
            ],
            "description": "Send desktop notifications on Windows, Linux, MacOS.",
            "keywords": [
                "MAC",
                "growl",
                "linux",
                "notification",
                "windows"
            ],
            "time": "2015-03-20T15:06:41+00:00"
        },
        {
            "name": "symfony/process",
            "version": "v2.8.45",
            "source": {
                "type": "git",
                "url": "https://github.com/symfony/process.git",
                "reference": "4be278e19064c3492095de50c9e375caae569ae1"
            },
            "dist": {
                "type": "zip",
                "url": "https://api.github.com/repos/symfony/process/zipball/4be278e19064c3492095de50c9e375caae569ae1",
                "reference": "4be278e19064c3492095de50c9e375caae569ae1",
                "shasum": ""
            },
            "require": {
                "php": ">=5.3.9"
            },
            "type": "library",
            "extra": {
                "branch-alias": {
                    "dev-master": "2.8-dev"
                }
            },
            "autoload": {
                "psr-4": {
                    "Symfony\\Component\\Process\\": ""
                },
                "exclude-from-classmap": [
                    "/Tests/"
                ]
            },
            "notification-url": "https://packagist.org/downloads/",
            "license": [
                "MIT"
            ],
            "authors": [
                {
                    "name": "Fabien Potencier",
                    "email": "fabien@symfony.com"
                },
                {
                    "name": "Symfony Community",
                    "homepage": "https://symfony.com/contributors"
                }
            ],
            "description": "Symfony Process Component",
            "homepage": "https://symfony.com",
            "time": "2018-08-03T09:45:57+00:00"
        }
    ],
    "packages-dev": [],
    "aliases": [],
    "minimum-stability": "stable",
    "stability-flags": [],
    "prefer-stable": false,
    "prefer-lowest": false,
    "platform": {
        "php": ">=5.4"
    },
    "platform-dev": []
}
